
Microsoft Visual Studio Solution File, Format Version 12.00
# Visual Studio Version 17
VisualStudioVersion = 17.14.37328.6 d17.14
MinimumVisualStudioVersion = 10.0.40219.1
Project("{8BC9CEB8-8B4A-11D0-8D11-00A0C91BC942}") = "lab1.2", "lab1.2\lab1.2.vcxproj", "{CE7CFE91-6535-4E2B-86A4-D3F9209D73DA}"
EndProject
Global
	GlobalSection(SolutionConfigurationPlatforms) = preSolution
		Debug|x64 = Debug|x64
		Debug|x86 = Debug|x86
		Release|x64 = Release|x64
		Release|x86 = Release|x86
	EndGlobalSection
	GlobalSection(ProjectConfigurationPlatforms) = postSolution
		{CE7CFE91-6535-4E2B-86A4-D3F9209D73DA}.Debug|x64.ActiveCfg = Debug|x64
		{CE7CFE91-6535-4E2B-86A4-D3F9209D73DA}.Debug|x64.Build.0 = Debug|x64
		{CE7CFE91-6535-4E2B-86A4-D3F9209D73DA}.Debug|x86.ActiveCfg = Debug|Win32
		{CE7CFE91-6535-4E2B-86A4-D3F9209D73DA}.Debug|x86.Build.0 = Debug|Win32
		{CE7CFE91-6535-4E2B-86A4-D3F9209D73DA}.Release|x64.ActiveCfg = Release|x64
		{CE7CFE91-6535-4E2B-86A4-D3F9209D73DA}.Release|x64.Build.0 = Release|x64
		{CE7CFE91-6535-4E2B-86A4-D3F9209D73DA}.Release|x86.ActiveCfg = Release|Win32
		{CE7CFE91-6535-4E2B-86A4-D3F9209D73DA}.Release|x86.Build.0 = Release|Win32
	EndGlobalSection
	GlobalSection(SolutionProperties) = preSolution
		HideSolutionNode = FALSE
	EndGlobalSection
	GlobalSection(ExtensibilityGlobals) = postSolution
		SolutionGuid = {598468C4-ECB3-45E6-92D3-7D79CDDDE246}
	EndGlobalSection
EndGlobal
